
Microsoft Visual Studio Solution File, Format Version 12.00
# Visual Studio Version 17
VisualStudioVersion = 17.2.32526.322
MinimumVisualStudioVersion = 10.0.40219.1
Project("{8BC9CEB8-8B4A-11D0-8D11-00A0C91BC942}") = "Basic geometry", "Basic geometry\Basic geometry.vcxproj", "{AB4C4F9C-422C-481C-92C1-4598EF2B839B}"
EndProject
Project("{8BC9CEB8-8B4A-11D0-8D11-00A0C91BC942}") = "2D Graphics", "2D Graphics\2D Graphics.vcxproj", "{E7316807-432B-4644-AD66-0F88C7631016}"
EndProject
Global
	GlobalSection(SolutionConfigurationPlatforms) = preSolution
		Debug|x64 = Debug|x64
		Debug|x86 = Debug|x86
		Release|x64 = Release|x64
		Release|x86 = Release|x86
	EndGlobalSection
	GlobalSection(ProjectConfigurationPlatforms) = postSolution
		{AB4C4F9C-422C-481C-92C1-4598EF2B839B}.Debug|x64.ActiveCfg = Debug|x64
		{AB4C4F9C-422C-481C-92C1-4598EF2B839B}.Debug|x64.Build.0 = Debug|x64
		{AB4C4F9C-422C-481C-92C1-4598EF2B839B}.Debug|x86.ActiveCfg = Debug|Win32
		{AB4C4F9C-422C-481C-92C1-4598EF2B839B}.Debug|x86.Build.0 = Debug|Win32
		{AB4C4F9C-422C-481C-92C1-4598EF2B839B}.Release|x64.ActiveCfg = Release|x64
		{AB4C4F9C-422C-481C-92C1-4598EF2B839B}.Release|x64.Build.0 = Release|x64
		{AB4C4F9C-422C-481C-92C1-4598EF2B839B}.Release|x86.ActiveCfg = Release|Win32
		{AB4C4F9C-422C-481C-92C1-4598EF2B839B}.Release|x86.Build.0 = Release|Win32
		{E7316807-432B-4644-AD66-0F88C7631016}.Debug|x64.ActiveCfg = Debug|x64
		{E7316807-432B-4644-AD66-0F88C7631016}.Debug|x64.Build.0 = Debug|x64
		{E7316807-432B-4644-AD66-0F88C7631016}.Debug|x86.ActiveCfg = Debug|Win32
		{E7316807-432B-4644-AD66-0F88C7631016}.Debug|x86.Build.0 = Debug|Win32
		{E7316807-432B-4644-AD66-0F88C7631016}.Release|x64.ActiveCfg = Release|x64
		{E7316807-432B-4644-AD66-0F88C7631016}.Release|x64.Build.0 = Release|x64
		{E7316807-432B-4644-AD66-0F88C7631016}.Release|x86.ActiveCfg = Release|Win32
		{E7316807-432B-4644-AD66-0F88C7631016}.Release|x86.Build.0 = Release|Win32
	EndGlobalSection
	GlobalSection(SolutionProperties) = preSolution
		HideSolutionNode = FALSE
	EndGlobalSection
	GlobalSection(ExtensibilityGlobals) = postSolution
		SolutionGuid = {034A8285-2D63-47D2-A2B8-B59C7722FA94}
	EndGlobalSection
EndGlobal
